
Microsoft Visual Studio Solution File, Format Version 12.00
Project("{2150E333-8FDC-42A3-9474-1A3956D46DE8}") = "src", "src", "{F99E2801-6C52-4582-923F-5DB31FC0FF50}"
EndProject
Project("{FAE04EC0-301F-11D3-BF4B-00C04F79EFBC}") = "CSharpJson.Domain", "src\CSharpJson.Domain\CSharpJson.Domain.csproj", "{B42EB729-B7F3-4866-9114-C7225E2EEFD8}"
EndProject
Project("{FAE04EC0-301F-11D3-BF4B-00C04F79EFBC}") = "CSharpJson.Application", "src\CSharpJson.Application\CSharpJson.Application.csproj", "{1B592A35-26F1-4550-BC0F-EC49355ACCFF}"
EndProject
Project("{2150E333-8FDC-42A3-9474-1A3956D46DE8}") = "tests", "tests", "{AA3F2C19-80DF-45EA-8AB5-5E7E7D0E9010}"
EndProject
Project("{FAE04EC0-301F-11D3-BF4B-00C04F79EFBC}") = "CSharpJson.Web", "src\CSharpJson.Web\CSharpJson.Web.csproj", "{AA7D666B-0D2E-4D8D-AA8D-902BC061EC43}"
EndProject
Project("{FAE04EC0-301F-11D3-BF4B-00C04F79EFBC}") = "CSharpJson.Application.Tests", "CSharpJson.Application.Tests\CSharpJson.Application.Tests.csproj", "{4B3BDA54-578A-40F2-9487-149C00E9CE7D}"
EndProject
Global
	GlobalSection(SolutionConfigurationPlatforms) = preSolution
		Debug|Any CPU = Debug|Any CPU
		Release|Any CPU = Release|Any CPU
	EndGlobalSection
	GlobalSection(ProjectConfigurationPlatforms) = postSolution
		{B42EB729-B7F3-4866-9114-C7225E2EEFD8}.Debug|Any CPU.ActiveCfg = Debug|Any CPU
		{B42EB729-B7F3-4866-9114-C7225E2EEFD8}.Debug|Any CPU.Build.0 = Debug|Any CPU
		{B42EB729-B7F3-4866-9114-C7225E2EEFD8}.Release|Any CPU.ActiveCfg = Release|Any CPU
		{B42EB729-B7F3-4866-9114-C7225E2EEFD8}.Release|Any CPU.Build.0 = Release|Any CPU
		{1B592A35-26F1-4550-BC0F-EC49355ACCFF}.Debug|Any CPU.ActiveCfg = Debug|Any CPU
		{1B592A35-26F1-4550-BC0F-EC49355ACCFF}.Debug|Any CPU.Build.0 = Debug|Any CPU
		{1B592A35-26F1-4550-BC0F-EC49355ACCFF}.Release|Any CPU.ActiveCfg = Release|Any CPU
		{1B592A35-26F1-4550-BC0F-EC49355ACCFF}.Release|Any CPU.Build.0 = Release|Any CPU
		{AA7D666B-0D2E-4D8D-AA8D-902BC061EC43}.Debug|Any CPU.ActiveCfg = Debug|Any CPU
		{AA7D666B-0D2E-4D8D-AA8D-902BC061EC43}.Debug|Any CPU.Build.0 = Debug|Any CPU
		{AA7D666B-0D2E-4D8D-AA8D-902BC061EC43}.Release|Any CPU.ActiveCfg = Release|Any CPU
		{AA7D666B-0D2E-4D8D-AA8D-902BC061EC43}.Release|Any CPU.Build.0 = Release|Any CPU
		{4B3BDA54-578A-40F2-9487-149C00E9CE7D}.Debug|Any CPU.ActiveCfg = Debug|Any CPU
		{4B3BDA54-578A-40F2-9487-149C00E9CE7D}.Debug|Any CPU.Build.0 = Debug|Any CPU
		{4B3BDA54-578A-40F2-9487-149C00E9CE7D}.Release|Any CPU.ActiveCfg = Release|Any CPU
		{4B3BDA54-578A-40F2-9487-149C00E9CE7D}.Release|Any CPU.Build.0 = Release|Any CPU
	EndGlobalSection
	GlobalSection(NestedProjects) = preSolution
		{B42EB729-B7F3-4866-9114-C7225E2EEFD8} = {F99E2801-6C52-4582-923F-5DB31FC0FF50}
		{1B592A35-26F1-4550-BC0F-EC49355ACCFF} = {F99E2801-6C52-4582-923F-5DB31FC0FF50}
		{AA7D666B-0D2E-4D8D-AA8D-902BC061EC43} = {F99E2801-6C52-4582-923F-5DB31FC0FF50}
		{4B3BDA54-578A-40F2-9487-149C00E9CE7D} = {AA3F2C19-80DF-45EA-8AB5-5E7E7D0E9010}
	EndGlobalSection
EndGlobal
